
Microsoft Visual Studio Solution File, Format Version 12.00
# Visual Studio Version 16
VisualStudioVersion = 25.0.1700.0
MinimumVisualStudioVersion = 10.0.40219.1
Project("{FAE04EC0-301F-11D3-BF4B-00C04F79EFBC}") = "SpencersQualityQuotes", "SpencersQualityQuotes.csproj", "{77A56626-A282-49C8-A1B3-013C2C39E962}"
EndProject
Global
	GlobalSection(SolutionConfigurationPlatforms) = preSolution
		Debug|Any CPU = Debug|Any CPU
		Release|Any CPU = Release|Any CPU
	EndGlobalSection
	GlobalSection(ProjectConfigurationPlatforms) = postSolution
		{77A56626-A282-49C8-A1B3-013C2C39E962}.Debug|Any CPU.ActiveCfg = Debug|Any CPU
		{77A56626-A282-49C8-A1B3-013C2C39E962}.Debug|Any CPU.Build.0 = Debug|Any CPU
		{77A56626-A282-49C8-A1B3-013C2C39E962}.Release|Any CPU.ActiveCfg = Release|Any CPU
		{77A56626-A282-49C8-A1B3-013C2C39E962}.Release|Any CPU.Build.0 = Release|Any CPU
	EndGlobalSection
	GlobalSection(SolutionProperties) = preSolution
		HideSolutionNode = FALSE
	EndGlobalSection
	GlobalSection(ExtensibilityGlobals) = postSolution
		SolutionGuid = {C73924DC-C5AC-4F4A-BDB1-09F8EA1B4C7E}
	EndGlobalSection
EndGlobal
